
Microsoft Visual Studio Solution File, Format Version 12.00
# Visual Studio Version 17
VisualStudioVersion = 17.9.34723.18
MinimumVisualStudioVersion = 10.0.40219.1
Project("{FAE04EC0-301F-11D3-BF4B-00C04F79EFBC}") = "ConsoleApp1", "ConsoleApp1\ConsoleApp1.csproj", "{82058B90-5922-4BA8-BA95-57552DE40CD0}"
EndProject
Global
	GlobalSection(SolutionConfigurationPlatforms) = preSolution
		Debug|Any CPU = Debug|Any CPU
		Release|Any CPU = Release|Any CPU
	EndGlobalSection
	GlobalSection(ProjectConfigurationPlatforms) = postSolution
		{82058B90-5922-4BA8-BA95-57552DE40CD0}.Debug|Any CPU.ActiveCfg = Debug|Any CPU
		{82058B90-5922-4BA8-BA95-57552DE40CD0}.Debug|Any CPU.Build.0 = Debug|Any CPU
		{82058B90-5922-4BA8-BA95-57552DE40CD0}.Release|Any CPU.ActiveCfg = Release|Any CPU
		{82058B90-5922-4BA8-BA95-57552DE40CD0}.Release|Any CPU.Build.0 = Release|Any CPU
	EndGlobalSection
	GlobalSection(SolutionProperties) = preSolution
		HideSolutionNode = FALSE
	EndGlobalSection
	GlobalSection(ExtensibilityGlobals) = postSolution
		SolutionGuid = {BACF7C3D-C710-45EC-8700-40A168E4251B}
	EndGlobalSection
EndGlobal
