
Microsoft Visual Studio Solution File, Format Version 12.00
# Visual Studio Version 17
VisualStudioVersion = 17.9.34723.18
MinimumVisualStudioVersion = 10.0.40219.1
Project("{FAE04EC0-301F-11D3-BF4B-00C04F79EFBC}") = "CustomList", "CustomList\CustomList.csproj", "{EB8B64F8-4FEB-4101-BEE9-E09245FFBDB8}"
EndProject
Project("{FAE04EC0-301F-11D3-BF4B-00C04F79EFBC}") = "2.Swap", "2.Swap\2.Swap.csproj", "{AD373EA2-CFE9-40E6-B047-4FC9C84BB291}"
EndProject
Project("{FAE04EC0-301F-11D3-BF4B-00C04F79EFBC}") = "3.Group", "3.Group\3.Group.csproj", "{7ED65573-F9FC-408C-B8E4-58C942A9D1D4}"
EndProject
Project("{FAE04EC0-301F-11D3-BF4B-00C04F79EFBC}") = "4.Student", "4.Student\4.Student.csproj", "{0EFBD279-FAEB-4F56-88EA-4792BDB483EB}"
EndProject
Project("{FAE04EC0-301F-11D3-BF4B-00C04F79EFBC}") = "CoffeeShop", "CoffeeShop\CoffeeShop.csproj", "{A74C1EA7-1A6F-42A6-9643-329B853DC7C6}"
EndProject
Global
	GlobalSection(SolutionConfigurationPlatforms) = preSolution
		Debug|Any CPU = Debug|Any CPU
		Release|Any CPU = Release|Any CPU
	EndGlobalSection
	GlobalSection(ProjectConfigurationPlatforms) = postSolution
		{EB8B64F8-4FEB-4101-BEE9-E09245FFBDB8}.Debug|Any CPU.ActiveCfg = Debug|Any CPU
		{EB8B64F8-4FEB-4101-BEE9-E09245FFBDB8}.Debug|Any CPU.Build.0 = Debug|Any CPU
		{EB8B64F8-4FEB-4101-BEE9-E09245FFBDB8}.Release|Any CPU.ActiveCfg = Release|Any CPU
		{EB8B64F8-4FEB-4101-BEE9-E09245FFBDB8}.Release|Any CPU.Build.0 = Release|Any CPU
		{AD373EA2-CFE9-40E6-B047-4FC9C84BB291}.Debug|Any CPU.ActiveCfg = Debug|Any CPU
		{AD373EA2-CFE9-40E6-B047-4FC9C84BB291}.Debug|Any CPU.Build.0 = Debug|Any CPU
		{AD373EA2-CFE9-40E6-B047-4FC9C84BB291}.Release|Any CPU.ActiveCfg = Release|Any CPU
		{AD373EA2-CFE9-40E6-B047-4FC9C84BB291}.Release|Any CPU.Build.0 = Release|Any CPU
		{7ED65573-F9FC-408C-B8E4-58C942A9D1D4}.Debug|Any CPU.ActiveCfg = Debug|Any CPU
		{7ED65573-F9FC-408C-B8E4-58C942A9D1D4}.Debug|Any CPU.Build.0 = Debug|Any CPU
		{7ED65573-F9FC-408C-B8E4-58C942A9D1D4}.Release|Any CPU.ActiveCfg = Release|Any CPU
		{7ED65573-F9FC-408C-B8E4-58C942A9D1D4}.Release|Any CPU.Build.0 = Release|Any CPU
		{0EFBD279-FAEB-4F56-88EA-4792BDB483EB}.Debug|Any CPU.ActiveCfg = Debug|Any CPU
		{0EFBD279-FAEB-4F56-88EA-4792BDB483EB}.Debug|Any CPU.Build.0 = Debug|Any CPU
		{0EFBD279-FAEB-4F56-88EA-4792BDB483EB}.Release|Any CPU.ActiveCfg = Release|Any CPU
		{0EFBD279-FAEB-4F56-88EA-4792BDB483EB}.Release|Any CPU.Build.0 = Release|Any CPU
		{A74C1EA7-1A6F-42A6-9643-329B853DC7C6}.Debug|Any CPU.ActiveCfg = Debug|Any CPU
		{A74C1EA7-1A6F-42A6-9643-329B853DC7C6}.Debug|Any CPU.Build.0 = Debug|Any CPU
		{A74C1EA7-1A6F-42A6-9643-329B853DC7C6}.Release|Any CPU.ActiveCfg = Release|Any CPU
		{A74C1EA7-1A6F-42A6-9643-329B853DC7C6}.Release|Any CPU.Build.0 = Release|Any CPU
	EndGlobalSection
	GlobalSection(SolutionProperties) = preSolution
		HideSolutionNode = FALSE
	EndGlobalSection
	GlobalSection(ExtensibilityGlobals) = postSolution
		SolutionGuid = {CF2E2A74-D5FD-450F-B795-113EE0E3C40F}
	EndGlobalSection
EndGlobal
